// !$*UTF8*$!
{
	archiveVersion = 1;
	classes = {
	};
	objectVersion = 54;
	objects = {

/* Begin PBXBuildFile section */
		00E356F31AD99517003FC87E /* KprepTests.m in Sources */ = {isa = PBXBuildFile; fileRef = 00E356F21AD99517003FC87E /* KprepTests.m */; };
		0C80B921A6F3F58F76C31292 /* libPods-Kprep.a in Frameworks */ = {isa = PBXBuildFile; fileRef = 5DCACB8F33CDC322A6C60F78 /* libPods-Kprep.a */; };
		13B07FBC1A68108700A75B9A /* AppDelegate.mm in Sources */ = {isa = PBXBuildFile; fileRef = 13B07FB01A68108700A75B9A /* AppDelegate.mm */; };
		13B07FBF1A68108700A75B9A /* Images.xcassets in Resources */ = {isa = PBXBuildFile; fileRef = 13B07FB51A68108700A75B9A /* Images.xcassets */; };
		13B07FC11A68108700A75B9A /* main.m in Sources */ = {isa = PBXBuildFile; fileRef = 13B07FB71A68108700A75B9A /* main.m */; };
		7699B88040F8A987B510C191 /* libPods-Kprep-KprepTests.a in Frameworks */ = {isa = PBXBuildFile; fileRef = 19F6CBCC0A4E27FBF8BF4A61 /* libPods-Kprep-KprepTests.a */; };
		81AB9BB82411601600AC10FF /* LaunchScreen.storyboard in Resources */ = {isa = PBXBuildFile; fileRef = 81AB9BB72411601600AC10FF /* LaunchScreen.storyboard */; };
		B28EFE54E5B64B8AB37817D8 /* Poppins-Black.ttf in Resources */ = {isa = PBXBuildFile; fileRef = F4847345B7C04C10B0ECCD4C /* Poppins-Black.ttf */; };
		3F6901F176CB42BD918FE934 /* Poppins-BlackItalic.ttf in Resources */ = {isa = PBXBuildFile; fileRef = DE2087B6E9AB4EB9B85DA04E /* Poppins-BlackItalic.ttf */; };
		9ED31EECC3AA4226AAA8F12F /* Poppins-Bold.ttf in Resources */ = {isa = PBXBuildFile; fileRef = B83C44E357F647C681CD1034 /* Poppins-Bold.ttf */; };
		9FEE51723AFB4BA5988196D3 /* Poppins-BoldItalic.ttf in Resources */ = {isa = PBXBuildFile; fileRef = 8921CA084DE2454E89C136A2 /* Poppins-BoldItalic.ttf */; };
		05F6FEACF7C34B7986D531F4 /* Poppins-ExtraBold.ttf in Resources */ = {isa = PBXBuildFile; fileRef = 5839B8A064EF4DE7BA7A3F9D /* Poppins-ExtraBold.ttf */; };
		76A7B79A5F254DC892EC4F2A /* Poppins-ExtraBoldItalic.ttf in Resources */ = {isa = PBXBuildFile; fileRef = BF69B85EB25E42878C2C8EA6 /* Poppins-ExtraBoldItalic.ttf */; };
		528005E81A37486A80D0B6AC /* Poppins-ExtraLight.ttf in Resources */ = {isa = PBXBuildFile; fileRef = E91796C767D64471A18785CA /* Poppins-ExtraLight.ttf */; };
		A2F5E2C512CA499991E5C099 /* Poppins-ExtraLightItalic.ttf in Resources */ = {isa = PBXBuildFile; fileRef = 0E8157FEDA274148A0E60AC7 /* Poppins-ExtraLightItalic.ttf */; };
		DF070D6CE6D5440894026A60 /* Poppins-Italic.ttf in Resources */ = {isa = PBXBuildFile; fileRef = 30540F66051147F08946066A /* Poppins-Italic.ttf */; };
		4F265B58883F414392F58B0A /* Poppins-Light.ttf in Resources */ = {isa = PBXBuildFile; fileRef = 4C288E1A15EC455D8F32DF97 /* Poppins-Light.ttf */; };
		4CD405D45E634768896A3697 /* Poppins-LightItalic.ttf in Resources */ = {isa = PBXBuildFile; fileRef = A00E5449BB084DC685EBFDED /* Poppins-LightItalic.ttf */; };
		3A7D1F3B55B14AE1955E82E5 /* Poppins-Medium.ttf in Resources */ = {isa = PBXBuildFile; fileRef = 6DF4C7E55EA546709C9B6C1D /* Poppins-Medium.ttf */; };
		8691B8BA290548B9B43A9537 /* Poppins-MediumItalic.ttf in Resources */ = {isa = PBXBuildFile; fileRef = D068A3A4B53D4AE5BEF298B2 /* Poppins-MediumItalic.ttf */; };
		2B1C82E12EE840589D4164F7 /* Poppins-Regular.ttf in Resources */ = {isa = PBXBuildFile; fileRef = F38C3EA378C74C83896082A3 /* Poppins-Regular.ttf */; };
		134BF0F819F242FFAA3F70EC /* Poppins-SemiBold.ttf in Resources */ = {isa = PBXBuildFile; fileRef = CC4C1AF2102E4BD0854C8E13 /* Poppins-SemiBold.ttf */; };
		9FD23B3180584882ADD1E963 /* Poppins-SemiBoldItalic.ttf in Resources */ = {isa = PBXBuildFile; fileRef = FDB5CDF8B9AB4A308A4A441F /* Poppins-SemiBoldItalic.ttf */; };
		7472FDF9D73E43E4B8D97345 /* Poppins-Thin.ttf in Resources */ = {isa = PBXBuildFile; fileRef = 56538AA54550424282A7C623 /* Poppins-Thin.ttf */; };
		6F13799A30E74D91AD0F1D1D /* Poppins-ThinItalic.ttf in Resources */ = {isa = PBXBuildFile; fileRef = C2A6BB59EB8C4860ABC647CF /* Poppins-ThinItalic.ttf */; };
		C4E289A2DFC940F7978E7FE0 /* DMSerifDisplay-Italic.ttf in Resources */ = {isa = PBXBuildFile; fileRef = BAED761DCC1E400E9DC9F8BB /* DMSerifDisplay-Italic.ttf */; };
		75BD947E91784CDBACA64D90 /* DMSerifDisplay-Regular.ttf in Resources */ = {isa = PBXBuildFile; fileRef = 0689C09B51D94C3A8EF0C03A /* DMSerifDisplay-Regular.ttf */; };
		31949FBD5F664595A5A6464E /* GildaDisplay-Regular.ttf in Resources */ = {isa = PBXBuildFile; fileRef = 33F59A8A6B444EBC93C0CB38 /* GildaDisplay-Regular.ttf */; };
		4EDF53A2998748789BF37356 /* Comfortaa-VariableFont_wght.ttf in Resources */ = {isa = PBXBuildFile; fileRef = 0033693FA4B245A0BD8D7A10 /* Comfortaa-VariableFont_wght.ttf */; };
		ED8333F910ED42F896D2CE25 /* ComicNeue-Bold.ttf in Resources */ = {isa = PBXBuildFile; fileRef = 89F5A0D0D3654D83B132AB73 /* ComicNeue-Bold.ttf */; };
		E8DDF5C2BE504F8296EF8FDB /* ComicNeue-BoldItalic.ttf in Resources */ = {isa = PBXBuildFile; fileRef = 81CD970D125F491BA7518E85 /* ComicNeue-BoldItalic.ttf */; };
		16ED6F1FD9E44ADDA40D4685 /* ComicNeue-Italic.ttf in Resources */ = {isa = PBXBuildFile; fileRef = D335483E3F5F4C10AC388D55 /* ComicNeue-Italic.ttf */; };
		5125B8755CA24EE8B0F28C78 /* ComicNeue-Light.ttf in Resources */ = {isa = PBXBuildFile; fileRef = 99ECCF4DCFC44BC880138BAA /* ComicNeue-Light.ttf */; };
		01F4EE3356DC4E93B09354EE /* ComicNeue-LightItalic.ttf in Resources */ = {isa = PBXBuildFile; fileRef = 6994D2855EB74E1FB75A937B /* ComicNeue-LightItalic.ttf */; };
		F919AD6E758048488C42F8F8 /* ComicNeue-Regular.ttf in Resources */ = {isa = PBXBuildFile; fileRef = 4CB2827E78F04A48AB758699 /* ComicNeue-Regular.ttf */; };
		24F54AB4B69844DAB0CD13D9 /* calibri-bold-italic.ttf in Resources */ = {isa = PBXBuildFile; fileRef = F0001A799BB649979B114DD4 /* calibri-bold-italic.ttf */; };
		B8BDD2B7391B4588A8511D84 /* calibri-bold.ttf in Resources */ = {isa = PBXBuildFile; fileRef = 4AA02B6F6A6F476EBE9366AC /* calibri-bold.ttf */; };
		E4D53399364A44FC8681CE40 /* calibri-italic.ttf in Resources */ = {isa = PBXBuildFile; fileRef = 9E5CDB917E4849B5BE95D460 /* calibri-italic.ttf */; };
		96D0F525413C443A89B8409C /* calibri-regular.ttf in Resources */ = {isa = PBXBuildFile; fileRef = 150CCCDBAC3E468DB699BD65 /* calibri-regular.ttf */; };
		B98580EF85D34F9493810F7A /* Copse-Regular.ttf in Resources */ = {isa = PBXBuildFile; fileRef = 6C8C85AFFC3A485AA0F6986D /* Copse-Regular.ttf */; };
		724EC235731B4C84BD145DD8 /* Comfortaa-Bold.ttf in Resources */ = {isa = PBXBuildFile; fileRef = 4C679F979A1F43B7A8FE4DBC /* Comfortaa-Bold.ttf */; };
		87A6103546104136A7AEE549 /* Comfortaa-Light.ttf in Resources */ = {isa = PBXBuildFile; fileRef = 77B81BD561A64C718E543CEC /* Comfortaa-Light.ttf */; };
		2B2DE7514C8A47FA86E3BC78 /* Comfortaa-Medium.ttf in Resources */ = {isa = PBXBuildFile; fileRef = 0AACE421EB84480788A2A772 /* Comfortaa-Medium.ttf */; };
		38098E3203A14BA8AB685926 /* Comfortaa-Regular.ttf in Resources */ = {isa = PBXBuildFile; fileRef = 9DD857859E934E27BC0AF0C7 /* Comfortaa-Regular.ttf */; };
		A953657386864B0E865B52E6 /* Comfortaa-SemiBold.ttf in Resources */ = {isa = PBXBuildFile; fileRef = DDB01A07C89F4B4F8D4A8EB8 /* Comfortaa-SemiBold.ttf */; };
		AA1D1E8F57884385851FE35C /* Sansation_Bold.ttf in Resources */ = {isa = PBXBuildFile; fileRef = 1A63CD9E15CE472F8B2F2811 /* Sansation_Bold.ttf */; };
		D347514C02714B7DB4116E9F /* Sansation_Bold_Italic.ttf in Resources */ = {isa = PBXBuildFile; fileRef = 6E1D69F57F9444BBA0B1A3D1 /* Sansation_Bold_Italic.ttf */; };
		C4B3F47C7DC94827A2421BC2 /* Sansation_Italic.ttf in Resources */ = {isa = PBXBuildFile; fileRef = 368866B624C24E8B8C32FC9F /* Sansation_Italic.ttf */; };
		45F28FA9342F46D2A0BC2022 /* Sansation_Light.ttf in Resources */ = {isa = PBXBuildFile; fileRef = AE30E9453838462DB846AF17 /* Sansation_Light.ttf */; };
		836AF3E6BCA648B19C9222F2 /* Sansation_Light_Italic.ttf in Resources */ = {isa = PBXBuildFile; fileRef = 69ABCCAC9447435F9D100618 /* Sansation_Light_Italic.ttf */; };
		8D5404DE21B743E0B842257B /* Sansation_Regular.ttf in Resources */ = {isa = PBXBuildFile; fileRef = C5902B4BB4794BBD890EC56E /* Sansation_Regular.ttf */; };
/* End PBXBuildFile section */

/* Begin PBXContainerItemProxy section */
		00E356F41AD99517003FC87E /* PBXContainerItemProxy */ = {
			isa = PBXContainerItemProxy;
			containerPortal = 83CBB9F71A601CBA00E9B192 /* Project object */;
			proxyType = 1;
			remoteGlobalIDString = 13B07F861A680F5B00A75B9A;
			remoteInfo = Kprep;
		};
/* End PBXContainerItemProxy section */

/* Begin PBXFileReference section */
		00E356EE1AD99517003FC87E /* KprepTests.xctest */ = {isa = PBXFileReference; explicitFileType = wrapper.cfbundle; includeInIndex = 0; path = KprepTests.xctest; sourceTree = BUILT_PRODUCTS_DIR; };
		00E356F11AD99517003FC87E /* Info.plist */ = {isa = PBXFileReference; lastKnownFileType = text.plist.xml; path = Info.plist; sourceTree = "<group>"; };
		00E356F21AD99517003FC87E /* KprepTests.m */ = {isa = PBXFileReference; lastKnownFileType = sourcecode.c.objc; path = KprepTests.m; sourceTree = "<group>"; };
		13B07F961A680F5B00A75B9A /* Kprep.app */ = {isa = PBXFileReference; explicitFileType = wrapper.application; includeInIndex = 0; path = Kprep.app; sourceTree = BUILT_PRODUCTS_DIR; };
		13B07FAF1A68108700A75B9A /* AppDelegate.h */ = {isa = PBXFileReference; fileEncoding = 4; lastKnownFileType = sourcecode.c.h; name = AppDelegate.h; path = Kprep/AppDelegate.h; sourceTree = "<group>"; };
		13B07FB01A68108700A75B9A /* AppDelegate.mm */ = {isa = PBXFileReference; fileEncoding = 4; lastKnownFileType = sourcecode.cpp.objcpp; name = AppDelegate.mm; path = Kprep/AppDelegate.mm; sourceTree = "<group>"; };
		13B07FB51A68108700A75B9A /* Images.xcassets */ = {isa = PBXFileReference; lastKnownFileType = folder.assetcatalog; name = Images.xcassets; path = Kprep/Images.xcassets; sourceTree = "<group>"; };
		13B07FB61A68108700A75B9A /* Info.plist */ = {isa = PBXFileReference; fileEncoding = 4; lastKnownFileType = text.plist.xml; name = Info.plist; path = Kprep/Info.plist; sourceTree = "<group>"; };
		13B07FB71A68108700A75B9A /* main.m */ = {isa = PBXFileReference; fileEncoding = 4; lastKnownFileType = sourcecode.c.objc; name = main.m; path = Kprep/main.m; sourceTree = "<group>"; };
		13B07FB81A68108700A75B9A /* PrivacyInfo.xcprivacy */ = {isa = PBXFileReference; fileEncoding = 4; lastKnownFileType = text.plist.xml; name = PrivacyInfo.xcprivacy; path = Kprep/PrivacyInfo.xcprivacy; sourceTree = "<group>"; };
		19F6CBCC0A4E27FBF8BF4A61 /* libPods-Kprep-KprepTests.a */ = {isa = PBXFileReference; explicitFileType = archive.ar; includeInIndex = 0; path = "libPods-Kprep-KprepTests.a"; sourceTree = BUILT_PRODUCTS_DIR; };
		3B4392A12AC88292D35C810B /* Pods-Kprep.debug.xcconfig */ = {isa = PBXFileReference; includeInIndex = 1; lastKnownFileType = text.xcconfig; name = "Pods-Kprep.debug.xcconfig"; path = "Target Support Files/Pods-Kprep/Pods-Kprep.debug.xcconfig"; sourceTree = "<group>"; };
		5709B34CF0A7D63546082F79 /* Pods-Kprep.release.xcconfig */ = {isa = PBXFileReference; includeInIndex = 1; lastKnownFileType = text.xcconfig; name = "Pods-Kprep.release.xcconfig"; path = "Target Support Files/Pods-Kprep/Pods-Kprep.release.xcconfig"; sourceTree = "<group>"; };
		5B7EB9410499542E8C5724F5 /* Pods-Kprep-KprepTests.debug.xcconfig */ = {isa = PBXFileReference; includeInIndex = 1; lastKnownFileType = text.xcconfig; name = "Pods-Kprep-KprepTests.debug.xcconfig"; path = "Target Support Files/Pods-Kprep-KprepTests/Pods-Kprep-KprepTests.debug.xcconfig"; sourceTree = "<group>"; };
		5DCACB8F33CDC322A6C60F78 /* libPods-Kprep.a */ = {isa = PBXFileReference; explicitFileType = archive.ar; includeInIndex = 0; path = "libPods-Kprep.a"; sourceTree = BUILT_PRODUCTS_DIR; };
		81AB9BB72411601600AC10FF /* LaunchScreen.storyboard */ = {isa = PBXFileReference; fileEncoding = 4; lastKnownFileType = file.storyboard; name = LaunchScreen.storyboard; path = Kprep/LaunchScreen.storyboard; sourceTree = "<group>"; };
		89C6BE57DB24E9ADA2F236DE /* Pods-Kprep-KprepTests.release.xcconfig */ = {isa = PBXFileReference; includeInIndex = 1; lastKnownFileType = text.xcconfig; name = "Pods-Kprep-KprepTests.release.xcconfig"; path = "Target Support Files/Pods-Kprep-KprepTests/Pods-Kprep-KprepTests.release.xcconfig"; sourceTree = "<group>"; };
		ED297162215061F000B7C4FE /* JavaScriptCore.framework */ = {isa = PBXFileReference; lastKnownFileType = wrapper.framework; name = JavaScriptCore.framework; path = System/Library/Frameworks/JavaScriptCore.framework; sourceTree = SDKROOT; };
		F4847345B7C04C10B0ECCD4C /* Poppins-Black.ttf */ = {isa = PBXFileReference; name = "Poppins-Black.ttf"; path = "../assets/fonts/Poppins-Black.ttf"; sourceTree = "<group>"; fileEncoding = undefined; lastKnownFileType = unknown; explicitFileType = undefined; includeInIndex = 0; };
		DE2087B6E9AB4EB9B85DA04E /* Poppins-BlackItalic.ttf */ = {isa = PBXFileReference; name = "Poppins-BlackItalic.ttf"; path = "../assets/fonts/Poppins-BlackItalic.ttf"; sourceTree = "<group>"; fileEncoding = undefined; lastKnownFileType = unknown; explicitFileType = undefined; includeInIndex = 0; };
		B83C44E357F647C681CD1034 /* Poppins-Bold.ttf */ = {isa = PBXFileReference; name = "Poppins-Bold.ttf"; path = "../assets/fonts/Poppins-Bold.ttf"; sourceTree = "<group>"; fileEncoding = undefined; lastKnownFileType = unknown; explicitFileType = undefined; includeInIndex = 0; };
		8921CA084DE2454E89C136A2 /* Poppins-BoldItalic.ttf */ = {isa = PBXFileReference; name = "Poppins-BoldItalic.ttf"; path = "../assets/fonts/Poppins-BoldItalic.ttf"; sourceTree = "<group>"; fileEncoding = undefined; lastKnownFileType = unknown; explicitFileType = undefined; includeInIndex = 0; };
		5839B8A064EF4DE7BA7A3F9D /* Poppins-ExtraBold.ttf */ = {isa = PBXFileReference; name = "Poppins-ExtraBold.ttf"; path = "../assets/fonts/Poppins-ExtraBold.ttf"; sourceTree = "<group>"; fileEncoding = undefined; lastKnownFileType = unknown; explicitFileType = undefined; includeInIndex = 0; };
		BF69B85EB25E42878C2C8EA6 /* Poppins-ExtraBoldItalic.ttf */ = {isa = PBXFileReference; name = "Poppins-ExtraBoldItalic.ttf"; path = "../assets/fonts/Poppins-ExtraBoldItalic.ttf"; sourceTree = "<group>"; fileEncoding = undefined; lastKnownFileType = unknown; explicitFileType = undefined; includeInIndex = 0; };
		E91796C767D64471A18785CA /* Poppins-ExtraLight.ttf */ = {isa = PBXFileReference; name = "Poppins-ExtraLight.ttf"; path = "../assets/fonts/Poppins-ExtraLight.ttf"; sourceTree = "<group>"; fileEncoding = undefined; lastKnownFileType = unknown; explicitFileType = undefined; includeInIndex = 0; };
		0E8157FEDA274148A0E60AC7 /* Poppins-ExtraLightItalic.ttf */ = {isa = PBXFileReference; name = "Poppins-ExtraLightItalic.ttf"; path = "../assets/fonts/Poppins-ExtraLightItalic.ttf"; sourceTree = "<group>"; fileEncoding = undefined; lastKnownFileType = unknown; explicitFileType = undefined; includeInIndex = 0; };
		30540F66051147F08946066A /* Poppins-Italic.ttf */ = {isa = PBXFileReference; name = "Poppins-Italic.ttf"; path = "../assets/fonts/Poppins-Italic.ttf"; sourceTree = "<group>"; fileEncoding = undefined; lastKnownFileType = unknown; explicitFileType = undefined; includeInIndex = 0; };
		4C288E1A15EC455D8F32DF97 /* Poppins-Light.ttf */ = {isa = PBXFileReference; name = "Poppins-Light.ttf"; path = "../assets/fonts/Poppins-Light.ttf"; sourceTree = "<group>"; fileEncoding = undefined; lastKnownFileType = unknown; explicitFileType = undefined; includeInIndex = 0; };
		A00E5449BB084DC685EBFDED /* Poppins-LightItalic.ttf */ = {isa = PBXFileReference; name = "Poppins-LightItalic.ttf"; path = "../assets/fonts/Poppins-LightItalic.ttf"; sourceTree = "<group>"; fileEncoding = undefined; lastKnownFileType = unknown; explicitFileType = undefined; includeInIndex = 0; };
		6DF4C7E55EA546709C9B6C1D /* Poppins-Medium.ttf */ = {isa = PBXFileReference; name = "Poppins-Medium.ttf"; path = "../assets/fonts/Poppins-Medium.ttf"; sourceTree = "<group>"; fileEncoding = undefined; lastKnownFileType = unknown; explicitFileType = undefined; includeInIndex = 0; };
		D068A3A4B53D4AE5BEF298B2 /* Poppins-MediumItalic.ttf */ = {isa = PBXFileReference; name = "Poppins-MediumItalic.ttf"; path = "../assets/fonts/Poppins-MediumItalic.ttf"; sourceTree = "<group>"; fileEncoding = undefined; lastKnownFileType = unknown; explicitFileType = undefined; includeInIndex = 0; };
		F38C3EA378C74C83896082A3 /* Poppins-Regular.ttf */ = {isa = PBXFileReference; name = "Poppins-Regular.ttf"; path = "../assets/fonts/Poppins-Regular.ttf"; sourceTree = "<group>"; fileEncoding = undefined; lastKnownFileType = unknown; explicitFileType = undefined; includeInIndex = 0; };
		CC4C1AF2102E4BD0854C8E13 /* Poppins-SemiBold.ttf */ = {isa = PBXFileReference; name = "Poppins-SemiBold.ttf"; path = "../assets/fonts/Poppins-SemiBold.ttf"; sourceTree = "<group>"; fileEncoding = undefined; lastKnownFileType = unknown; explicitFileType = undefined; includeInIndex = 0; };
		FDB5CDF8B9AB4A308A4A441F /* Poppins-SemiBoldItalic.ttf */ = {isa = PBXFileReference; name = "Poppins-SemiBoldItalic.ttf"; path = "../assets/fonts/Poppins-SemiBoldItalic.ttf"; sourceTree = "<group>"; fileEncoding = undefined; lastKnownFileType = unknown; explicitFileType = undefined; includeInIndex = 0; };
		56538AA54550424282A7C623 /* Poppins-Thin.ttf */ = {isa = PBXFileReference; name = "Poppins-Thin.ttf"; path = "../assets/fonts/Poppins-Thin.ttf"; sourceTree = "<group>"; fileEncoding = undefined; lastKnownFileType = unknown; explicitFileType = undefined; includeInIndex = 0; };
		C2A6BB59EB8C4860ABC647CF /* Poppins-ThinItalic.ttf */ = {isa = PBXFileReference; name = "Poppins-ThinItalic.ttf"; path = "../assets/fonts/Poppins-ThinItalic.ttf"; sourceTree = "<group>"; fileEncoding = undefined; lastKnownFileType = unknown; explicitFileType = undefined; includeInIndex = 0; };
		BAED761DCC1E400E9DC9F8BB /* DMSerifDisplay-Italic.ttf */ = {isa = PBXFileReference; name = "DMSerifDisplay-Italic.ttf"; path = "../assets/fonts/DMSerifDisplay-Italic.ttf"; sourceTree = "<group>"; fileEncoding = undefined; lastKnownFileType = unknown; explicitFileType = undefined; includeInIndex = 0; };
		0689C09B51D94C3A8EF0C03A /* DMSerifDisplay-Regular.ttf */ = {isa = PBXFileReference; name = "DMSerifDisplay-Regular.ttf"; path = "../assets/fonts/DMSerifDisplay-Regular.ttf"; sourceTree = "<group>"; fileEncoding = undefined; lastKnownFileType = unknown; explicitFileType = undefined; includeInIndex = 0; };
		33F59A8A6B444EBC93C0CB38 /* GildaDisplay-Regular.ttf */ = {isa = PBXFileReference; name = "GildaDisplay-Regular.ttf"; path = "../assets/fonts/GildaDisplay-Regular.ttf"; sourceTree = "<group>"; fileEncoding = undefined; lastKnownFileType = unknown; explicitFileType = undefined; includeInIndex = 0; };
		0033693FA4B245A0BD8D7A10 /* Comfortaa-VariableFont_wght.ttf */ = {isa = PBXFileReference; name = "Comfortaa-VariableFont_wght.ttf"; path = "../assets/fonts/Comfortaa-VariableFont_wght.ttf"; sourceTree = "<group>"; fileEncoding = undefined; lastKnownFileType = unknown; explicitFileType = undefined; includeInIndex = 0; };
		89F5A0D0D3654D83B132AB73 /* ComicNeue-Bold.ttf */ = {isa = PBXFileReference; name = "ComicNeue-Bold.ttf"; path = "../assets/fonts/ComicNeue-Bold.ttf"; sourceTree = "<group>"; fileEncoding = undefined; lastKnownFileType = unknown; explicitFileType = undefined; includeInIndex = 0; };
		81CD970D125F491BA7518E85 /* ComicNeue-BoldItalic.ttf */ = {isa = PBXFileReference; name = "ComicNeue-BoldItalic.ttf"; path = "../assets/fonts/ComicNeue-BoldItalic.ttf"; sourceTree = "<group>"; fileEncoding = undefined; lastKnownFileType = unknown; explicitFileType = undefined; includeInIndex = 0; };
		D335483E3F5F4C10AC388D55 /* ComicNeue-Italic.ttf */ = {isa = PBXFileReference; name = "ComicNeue-Italic.ttf"; path = "../assets/fonts/ComicNeue-Italic.ttf"; sourceTree = "<group>"; fileEncoding = undefined; lastKnownFileType = unknown; explicitFileType = undefined; includeInIndex = 0; };
		99ECCF4DCFC44BC880138BAA /* ComicNeue-Light.ttf */ = {isa = PBXFileReference; name = "ComicNeue-Light.ttf"; path = "../assets/fonts/ComicNeue-Light.ttf"; sourceTree = "<group>"; fileEncoding = undefined; lastKnownFileType = unknown; explicitFileType = undefined; includeInIndex = 0; };
		6994D2855EB74E1FB75A937B /* ComicNeue-LightItalic.ttf */ = {isa = PBXFileReference; name = "ComicNeue-LightItalic.ttf"; path = "../assets/fonts/ComicNeue-LightItalic.ttf"; sourceTree = "<group>"; fileEncoding = undefined; lastKnownFileType = unknown; explicitFileType = undefined; includeInIndex = 0; };
		4CB2827E78F04A48AB758699 /* ComicNeue-Regular.ttf */ = {isa = PBXFileReference; name = "ComicNeue-Regular.ttf"; path = "../assets/fonts/ComicNeue-Regular.ttf"; sourceTree = "<group>"; fileEncoding = undefined; lastKnownFileType = unknown; explicitFileType = undefined; includeInIndex = 0; };
		F0001A799BB649979B114DD4 /* calibri-bold-italic.ttf */ = {isa = PBXFileReference; name = "calibri-bold-italic.ttf"; path = "../assets/fonts/calibri-bold-italic.ttf"; sourceTree = "<group>"; fileEncoding = undefined; lastKnownFileType = unknown; explicitFileType = undefined; includeInIndex = 0; };
		4AA02B6F6A6F476EBE9366AC /* calibri-bold.ttf */ = {isa = PBXFileReference; name = "calibri-bold.ttf"; path = "../assets/fonts/calibri-bold.ttf"; sourceTree = "<group>"; fileEncoding = undefined; lastKnownFileType = unknown; explicitFileType = undefined; includeInIndex = 0; };
		9E5CDB917E4849B5BE95D460 /* calibri-italic.ttf */ = {isa = PBXFileReference; name = "calibri-italic.ttf"; path = "../assets/fonts/calibri-italic.ttf"; sourceTree = "<group>"; fileEncoding = undefined; lastKnownFileType = unknown; explicitFileType = undefined; includeInIndex = 0; };
		150CCCDBAC3E468DB699BD65 /* calibri-regular.ttf */ = {isa = PBXFileReference; name = "calibri-regular.ttf"; path = "../assets/fonts/calibri-regular.ttf"; sourceTree = "<group>"; fileEncoding = undefined; lastKnownFileType = unknown; explicitFileType = undefined; includeInIndex = 0; };
		6C8C85AFFC3A485AA0F6986D /* Copse-Regular.ttf */ = {isa = PBXFileReference; name = "Copse-Regular.ttf"; path = "../assets/fonts/Copse-Regular.ttf"; sourceTree = "<group>"; fileEncoding = undefined; lastKnownFileType = unknown; explicitFileType = undefined; includeInIndex = 0; };
		4C679F979A1F43B7A8FE4DBC /* Comfortaa-Bold.ttf */ = {isa = PBXFileReference; name = "Comfortaa-Bold.ttf"; path = "../assets/fonts/Comfortaa-Bold.ttf"; sourceTree = "<group>"; fileEncoding = undefined; lastKnownFileType = unknown; explicitFileType = undefined; includeInIndex = 0; };
		77B81BD561A64C718E543CEC /* Comfortaa-Light.ttf */ = {isa = PBXFileReference; name = "Comfortaa-Light.ttf"; path = "../assets/fonts/Comfortaa-Light.ttf"; sourceTree = "<group>"; fileEncoding = undefined; lastKnownFileType = unknown; explicitFileType = undefined; includeInIndex = 0; };
		0AACE421EB84480788A2A772 /* Comfortaa-Medium.ttf */ = {isa = PBXFileReference; name = "Comfortaa-Medium.ttf"; path = "../assets/fonts/Comfortaa-Medium.ttf"; sourceTree = "<group>"; fileEncoding = undefined; lastKnownFileType = unknown; explicitFileType = undefined; includeInIndex = 0; };
		9DD857859E934E27BC0AF0C7 /* Comfortaa-Regular.ttf */ = {isa = PBXFileReference; name = "Comfortaa-Regular.ttf"; path = "../assets/fonts/Comfortaa-Regular.ttf"; sourceTree = "<group>"; fileEncoding = undefined; lastKnownFileType = unknown; explicitFileType = undefined; includeInIndex = 0; };
		DDB01A07C89F4B4F8D4A8EB8 /* Comfortaa-SemiBold.ttf */ = {isa = PBXFileReference; name = "Comfortaa-SemiBold.ttf"; path = "../assets/fonts/Comfortaa-SemiBold.ttf"; sourceTree = "<group>"; fileEncoding = undefined; lastKnownFileType = unknown; explicitFileType = undefined; includeInIndex = 0; };
		1A63CD9E15CE472F8B2F2811 /* Sansation_Bold.ttf */ = {isa = PBXFileReference; name = "Sansation_Bold.ttf"; path = "../assets/fonts/Sansation_Bold.ttf"; sourceTree = "<group>"; fileEncoding = undefined; lastKnownFileType = unknown; explicitFileType = undefined; includeInIndex = 0; };
		6E1D69F57F9444BBA0B1A3D1 /* Sansation_Bold_Italic.ttf */ = {isa = PBXFileReference; name = "Sansation_Bold_Italic.ttf"; path = "../assets/fonts/Sansation_Bold_Italic.ttf"; sourceTree = "<group>"; fileEncoding = undefined; lastKnownFileType = unknown; explicitFileType = undefined; includeInIndex = 0; };
		368866B624C24E8B8C32FC9F /* Sansation_Italic.ttf */ = {isa = PBXFileReference; name = "Sansation_Italic.ttf"; path = "../assets/fonts/Sansation_Italic.ttf"; sourceTree = "<group>"; fileEncoding = undefined; lastKnownFileType = unknown; explicitFileType = undefined; includeInIndex = 0; };
		AE30E9453838462DB846AF17 /* Sansation_Light.ttf */ = {isa = PBXFileReference; name = "Sansation_Light.ttf"; path = "../assets/fonts/Sansation_Light.ttf"; sourceTree = "<group>"; fileEncoding = undefined; lastKnownFileType = unknown; explicitFileType = undefined; includeInIndex = 0; };
		69ABCCAC9447435F9D100618 /* Sansation_Light_Italic.ttf */ = {isa = PBXFileReference; name = "Sansation_Light_Italic.ttf"; path = "../assets/fonts/Sansation_Light_Italic.ttf"; sourceTree = "<group>"; fileEncoding = undefined; lastKnownFileType = unknown; explicitFileType = undefined; includeInIndex = 0; };
		C5902B4BB4794BBD890EC56E /* Sansation_Regular.ttf */ = {isa = PBXFileReference; name = "Sansation_Regular.ttf"; path = "../assets/fonts/Sansation_Regular.ttf"; sourceTree = "<group>"; fileEncoding = undefined; lastKnownFileType = unknown; explicitFileType = undefined; includeInIndex = 0; };
/* End PBXFileReference section */

/* Begin PBXFrameworksBuildPhase section */
		00E356EB1AD99517003FC87E /* Frameworks */ = {
			isa = PBXFrameworksBuildPhase;
			buildActionMask = 2147483647;
			files = (
				7699B88040F8A987B510C191 /* libPods-Kprep-KprepTests.a in Frameworks */,
			);
			runOnlyForDeploymentPostprocessing = 0;
		};
		13B07F8C1A680F5B00A75B9A /* Frameworks */ = {
			isa = PBXFrameworksBuildPhase;
			buildActionMask = 2147483647;
			files = (
				0C80B921A6F3F58F76C31292 /* libPods-Kprep.a in Frameworks */,
			);
			runOnlyForDeploymentPostprocessing = 0;
		};
/* End PBXFrameworksBuildPhase section */

/* Begin PBXGroup section */
		00E356EF1AD99517003FC87E /* KprepTests */ = {
			isa = PBXGroup;
			children = (
				00E356F21AD99517003FC87E /* KprepTests.m */,
				00E356F01AD99517003FC87E /* Supporting Files */,
			);
			path = KprepTests;
			sourceTree = "<group>";
		};
		00E356F01AD99517003FC87E /* Supporting Files */ = {
			isa = PBXGroup;
			children = (
				00E356F11AD99517003FC87E /* Info.plist */,
			);
			name = "Supporting Files";
			sourceTree = "<group>";
		};
		13B07FAE1A68108700A75B9A /* Kprep */ = {
			isa = PBXGroup;
			children = (
				13B07FAF1A68108700A75B9A /* AppDelegate.h */,
				13B07FB01A68108700A75B9A /* AppDelegate.mm */,
				13B07FB51A68108700A75B9A /* Images.xcassets */,
				13B07FB61A68108700A75B9A /* Info.plist */,
				81AB9BB72411601600AC10FF /* LaunchScreen.storyboard */,
				13B07FB71A68108700A75B9A /* main.m */,
				13B07FB81A68108700A75B9A /* PrivacyInfo.xcprivacy */,
			);
			name = Kprep;
			sourceTree = "<group>";
		};
		2D16E6871FA4F8E400B85C8A /* Frameworks */ = {
			isa = PBXGroup;
			children = (
				ED297162215061F000B7C4FE /* JavaScriptCore.framework */,
				5DCACB8F33CDC322A6C60F78 /* libPods-Kprep.a */,
				19F6CBCC0A4E27FBF8BF4A61 /* libPods-Kprep-KprepTests.a */,
			);
			name = Frameworks;
			sourceTree = "<group>";
		};
		832341AE1AAA6A7D00B99B32 /* Libraries */ = {
			isa = PBXGroup;
			children = (
			);
			name = Libraries;
			sourceTree = "<group>";
		};
		83CBB9F61A601CBA00E9B192 = {
			isa = PBXGroup;
			children = (
				13B07FAE1A68108700A75B9A /* Kprep */,
				832341AE1AAA6A7D00B99B32 /* Libraries */,
				00E356EF1AD99517003FC87E /* KprepTests */,
				83CBBA001A601CBA00E9B192 /* Products */,
				2D16E6871FA4F8E400B85C8A /* Frameworks */,
				BBD78D7AC51CEA395F1C20DB /* Pods */,
				7698B3FC34DD422A97137612 /* Resources */,
			);
			indentWidth = 2;
			sourceTree = "<group>";
			tabWidth = 2;
			usesTabs = 0;
		};
		83CBBA001A601CBA00E9B192 /* Products */ = {
			isa = PBXGroup;
			children = (
				13B07F961A680F5B00A75B9A /* Kprep.app */,
				00E356EE1AD99517003FC87E /* KprepTests.xctest */,
			);
			name = Products;
			sourceTree = "<group>";
		};
		BBD78D7AC51CEA395F1C20DB /* Pods */ = {
			isa = PBXGroup;
			children = (
				3B4392A12AC88292D35C810B /* Pods-Kprep.debug.xcconfig */,
				5709B34CF0A7D63546082F79 /* Pods-Kprep.release.xcconfig */,
				5B7EB9410499542E8C5724F5 /* Pods-Kprep-KprepTests.debug.xcconfig */,
				89C6BE57DB24E9ADA2F236DE /* Pods-Kprep-KprepTests.release.xcconfig */,
			);
			path = Pods;
			sourceTree = "<group>";
		};
		7698B3FC34DD422A97137612 /* Resources */ = {
			isa = "PBXGroup";
			children = (
				F4847345B7C04C10B0ECCD4C /* Poppins-Black.ttf */,
				DE2087B6E9AB4EB9B85DA04E /* Poppins-BlackItalic.ttf */,
				B83C44E357F647C681CD1034 /* Poppins-Bold.ttf */,
				8921CA084DE2454E89C136A2 /* Poppins-BoldItalic.ttf */,
				5839B8A064EF4DE7BA7A3F9D /* Poppins-ExtraBold.ttf */,
				BF69B85EB25E42878C2C8EA6 /* Poppins-ExtraBoldItalic.ttf */,
				E91796C767D64471A18785CA /* Poppins-ExtraLight.ttf */,
				0E8157FEDA274148A0E60AC7 /* Poppins-ExtraLightItalic.ttf */,
				30540F66051147F08946066A /* Poppins-Italic.ttf */,
				4C288E1A15EC455D8F32DF97 /* Poppins-Light.ttf */,
				A00E5449BB084DC685EBFDED /* Poppins-LightItalic.ttf */,
				6DF4C7E55EA546709C9B6C1D /* Poppins-Medium.ttf */,
				D068A3A4B53D4AE5BEF298B2 /* Poppins-MediumItalic.ttf */,
				F38C3EA378C74C83896082A3 /* Poppins-Regular.ttf */,
				CC4C1AF2102E4BD0854C8E13 /* Poppins-SemiBold.ttf */,
				FDB5CDF8B9AB4A308A4A441F /* Poppins-SemiBoldItalic.ttf */,
				56538AA54550424282A7C623 /* Poppins-Thin.ttf */,
				C2A6BB59EB8C4860ABC647CF /* Poppins-ThinItalic.ttf */,
				BAED761DCC1E400E9DC9F8BB /* DMSerifDisplay-Italic.ttf */,
				0689C09B51D94C3A8EF0C03A /* DMSerifDisplay-Regular.ttf */,
				33F59A8A6B444EBC93C0CB38 /* GildaDisplay-Regular.ttf */,
				0033693FA4B245A0BD8D7A10 /* Comfortaa-VariableFont_wght.ttf */,
				89F5A0D0D3654D83B132AB73 /* ComicNeue-Bold.ttf */,
				81CD970D125F491BA7518E85 /* ComicNeue-BoldItalic.ttf */,
				D335483E3F5F4C10AC388D55 /* ComicNeue-Italic.ttf */,
				99ECCF4DCFC44BC880138BAA /* ComicNeue-Light.ttf */,
				6994D2855EB74E1FB75A937B /* ComicNeue-LightItalic.ttf */,
				4CB2827E78F04A48AB758699 /* ComicNeue-Regular.ttf */,
				F0001A799BB649979B114DD4 /* calibri-bold-italic.ttf */,
				4AA02B6F6A6F476EBE9366AC /* calibri-bold.ttf */,
				9E5CDB917E4849B5BE95D460 /* calibri-italic.ttf */,
				150CCCDBAC3E468DB699BD65 /* calibri-regular.ttf */,
				6C8C85AFFC3A485AA0F6986D /* Copse-Regular.ttf */,
				4C679F979A1F43B7A8FE4DBC /* Comfortaa-Bold.ttf */,
				77B81BD561A64C718E543CEC /* Comfortaa-Light.ttf */,
				0AACE421EB84480788A2A772 /* Comfortaa-Medium.ttf */,
				9DD857859E934E27BC0AF0C7 /* Comfortaa-Regular.ttf */,
				DDB01A07C89F4B4F8D4A8EB8 /* Comfortaa-SemiBold.ttf */,
				1A63CD9E15CE472F8B2F2811 /* Sansation_Bold.ttf */,
				6E1D69F57F9444BBA0B1A3D1 /* Sansation_Bold_Italic.ttf */,
				368866B624C24E8B8C32FC9F /* Sansation_Italic.ttf */,
				AE30E9453838462DB846AF17 /* Sansation_Light.ttf */,
				69ABCCAC9447435F9D100618 /* Sansation_Light_Italic.ttf */,
				C5902B4BB4794BBD890EC56E /* Sansation_Regular.ttf */,
			);
			name = Resources;
			sourceTree = "<group>";
			path = "";
		};
/* End PBXGroup section */

/* Begin PBXNativeTarget section */
		00E356ED1AD99517003FC87E /* KprepTests */ = {
			isa = PBXNativeTarget;
			buildConfigurationList = 00E357021AD99517003FC87E /* Build configuration list for PBXNativeTarget "KprepTests" */;
			buildPhases = (
				A55EABD7B0C7F3A422A6CC61 /* [CP] Check Pods Manifest.lock */,
				00E356EA1AD99517003FC87E /* Sources */,
				00E356EB1AD99517003FC87E /* Frameworks */,
				00E356EC1AD99517003FC87E /* Resources */,
				C59DA0FBD6956966B86A3779 /* [CP] Embed Pods Frameworks */,
				F6A41C54EA430FDDC6A6ED99 /* [CP] Copy Pods Resources */,
			);
			buildRules = (
			);
			dependencies = (
				00E356F51AD99517003FC87E /* PBXTargetDependency */,
			);
			name = KprepTests;
			productName = KprepTests;
			productReference = 00E356EE1AD99517003FC87E /* KprepTests.xctest */;
			productType = "com.apple.product-type.bundle.unit-test";
		};
		13B07F861A680F5B00A75B9A /* Kprep */ = {
			isa = PBXNativeTarget;
			buildConfigurationList = 13B07F931A680F5B00A75B9A /* Build configuration list for PBXNativeTarget "Kprep" */;
			buildPhases = (
				C38B50BA6285516D6DCD4F65 /* [CP] Check Pods Manifest.lock */,
				13B07F871A680F5B00A75B9A /* Sources */,
				13B07F8C1A680F5B00A75B9A /* Frameworks */,
				13B07F8E1A680F5B00A75B9A /* Resources */,
				00DD1BFF1BD5951E006B06BC /* Bundle React Native code and images */,
				00EEFC60759A1932668264C0 /* [CP] Embed Pods Frameworks */,
				E235C05ADACE081382539298 /* [CP] Copy Pods Resources */,
			);
			buildRules = (
			);
			dependencies = (
			);
			name = Kprep;
			productName = Kprep;
			productReference = 13B07F961A680F5B00A75B9A /* Kprep.app */;
			productType = "com.apple.product-type.application";
		};
/* End PBXNativeTarget section */

/* Begin PBXProject section */
		83CBB9F71A601CBA00E9B192 /* Project object */ = {
			isa = PBXProject;
			attributes = {
				LastUpgradeCheck = 1210;
				TargetAttributes = {
					00E356ED1AD99517003FC87E = {
						CreatedOnToolsVersion = 6.2;
						TestTargetID = 13B07F861A680F5B00A75B9A;
					};
					13B07F861A680F5B00A75B9A = {
						LastSwiftMigration = 1120;
					};
				};
			};
			buildConfigurationList = 83CBB9FA1A601CBA00E9B192 /* Build configuration list for PBXProject "Kprep" */;
			compatibilityVersion = "Xcode 12.0";
			developmentRegion = en;
			hasScannedForEncodings = 0;
			knownRegions = (
				en,
				Base,
			);
			mainGroup = 83CBB9F61A601CBA00E9B192;
			productRefGroup = 83CBBA001A601CBA00E9B192 /* Products */;
			projectDirPath = "";
			projectRoot = "";
			targets = (
				13B07F861A680F5B00A75B9A /* Kprep */,
				00E356ED1AD99517003FC87E /* KprepTests */,
			);
		};
/* End PBXProject section */

/* Begin PBXResourcesBuildPhase section */
		00E356EC1AD99517003FC87E /* Resources */ = {
			isa = PBXResourcesBuildPhase;
			buildActionMask = 2147483647;
			files = (
			);
			runOnlyForDeploymentPostprocessing = 0;
		};
		13B07F8E1A680F5B00A75B9A /* Resources */ = {
			isa = PBXResourcesBuildPhase;
			buildActionMask = 2147483647;
			files = (
				81AB9BB82411601600AC10FF /* LaunchScreen.storyboard in Resources */,
				13B07FBF1A68108700A75B9A /* Images.xcassets in Resources */,
				B28EFE54E5B64B8AB37817D8 /* Poppins-Black.ttf in Resources */,
				3F6901F176CB42BD918FE934 /* Poppins-BlackItalic.ttf in Resources */,
				9ED31EECC3AA4226AAA8F12F /* Poppins-Bold.ttf in Resources */,
				9FEE51723AFB4BA5988196D3 /* Poppins-BoldItalic.ttf in Resources */,
				05F6FEACF7C34B7986D531F4 /* Poppins-ExtraBold.ttf in Resources */,
				76A7B79A5F254DC892EC4F2A /* Poppins-ExtraBoldItalic.ttf in Resources */,
				528005E81A37486A80D0B6AC /* Poppins-ExtraLight.ttf in Resources */,
				A2F5E2C512CA499991E5C099 /* Poppins-ExtraLightItalic.ttf in Resources */,
				DF070D6CE6D5440894026A60 /* Poppins-Italic.ttf in Resources */,
				4F265B58883F414392F58B0A /* Poppins-Light.ttf in Resources */,
				4CD405D45E634768896A3697 /* Poppins-LightItalic.ttf in Resources */,
				3A7D1F3B55B14AE1955E82E5 /* Poppins-Medium.ttf in Resources */,
				8691B8BA290548B9B43A9537 /* Poppins-MediumItalic.ttf in Resources */,
				2B1C82E12EE840589D4164F7 /* Poppins-Regular.ttf in Resources */,
				134BF0F819F242FFAA3F70EC /* Poppins-SemiBold.ttf in Resources */,
				9FD23B3180584882ADD1E963 /* Poppins-SemiBoldItalic.ttf in Resources */,
				7472FDF9D73E43E4B8D97345 /* Poppins-Thin.ttf in Resources */,
				6F13799A30E74D91AD0F1D1D /* Poppins-ThinItalic.ttf in Resources */,
				C4E289A2DFC940F7978E7FE0 /* DMSerifDisplay-Italic.ttf in Resources */,
				75BD947E91784CDBACA64D90 /* DMSerifDisplay-Regular.ttf in Resources */,
				31949FBD5F664595A5A6464E /* GildaDisplay-Regular.ttf in Resources */,
				4EDF53A2998748789BF37356 /* Comfortaa-VariableFont_wght.ttf in Resources */,
				ED8333F910ED42F896D2CE25 /* ComicNeue-Bold.ttf in Resources */,
				E8DDF5C2BE504F8296EF8FDB /* ComicNeue-BoldItalic.ttf in Resources */,
				16ED6F1FD9E44ADDA40D4685 /* ComicNeue-Italic.ttf in Resources */,
				5125B8755CA24EE8B0F28C78 /* ComicNeue-Light.ttf in Resources */,
				01F4EE3356DC4E93B09354EE /* ComicNeue-LightItalic.ttf in Resources */,
				F919AD6E758048488C42F8F8 /* ComicNeue-Regular.ttf in Resources */,
				24F54AB4B69844DAB0CD13D9 /* calibri-bold-italic.ttf in Resources */,
				B8BDD2B7391B4588A8511D84 /* calibri-bold.ttf in Resources */,
				E4D53399364A44FC8681CE40 /* calibri-italic.ttf in Resources */,
				96D0F525413C443A89B8409C /* calibri-regular.ttf in Resources */,
				B98580EF85D34F9493810F7A /* Copse-Regular.ttf in Resources */,
				724EC235731B4C84BD145DD8 /* Comfortaa-Bold.ttf in Resources */,
				87A6103546104136A7AEE549 /* Comfortaa-Light.ttf in Resources */,
				2B2DE7514C8A47FA86E3BC78 /* Comfortaa-Medium.ttf in Resources */,
				38098E3203A14BA8AB685926 /* Comfortaa-Regular.ttf in Resources */,
				A953657386864B0E865B52E6 /* Comfortaa-SemiBold.ttf in Resources */,
				AA1D1E8F57884385851FE35C /* Sansation_Bold.ttf in Resources */,
				D347514C02714B7DB4116E9F /* Sansation_Bold_Italic.ttf in Resources */,
				C4B3F47C7DC94827A2421BC2 /* Sansation_Italic.ttf in Resources */,
				45F28FA9342F46D2A0BC2022 /* Sansation_Light.ttf in Resources */,
				836AF3E6BCA648B19C9222F2 /* Sansation_Light_Italic.ttf in Resources */,
				8D5404DE21B743E0B842257B /* Sansation_Regular.ttf in Resources */,
			);
			runOnlyForDeploymentPostprocessing = 0;
		};
/* End PBXResourcesBuildPhase section */

/* Begin PBXShellScriptBuildPhase section */
		00DD1BFF1BD5951E006B06BC /* Bundle React Native code and images */ = {
			isa = PBXShellScriptBuildPhase;
			buildActionMask = 2147483647;
			files = (
			);
			inputPaths = (
				"$(SRCROOT)/.xcode.env.local",
				"$(SRCROOT)/.xcode.env",
			);
			name = "Bundle React Native code and images";
			outputPaths = (
			);
			runOnlyForDeploymentPostprocessing = 0;
			shellPath = /bin/sh;
			shellScript = "set -e\n\nWITH_ENVIRONMENT=\"$REACT_NATIVE_PATH/scripts/xcode/with-environment.sh\"\nREACT_NATIVE_XCODE=\"$REACT_NATIVE_PATH/scripts/react-native-xcode.sh\"\n\n/bin/sh -c \"$WITH_ENVIRONMENT $REACT_NATIVE_XCODE\"\n";
		};
		00EEFC60759A1932668264C0 /* [CP] Embed Pods Frameworks */ = {
			isa = PBXShellScriptBuildPhase;
			buildActionMask = 2147483647;
			files = (
			);
			inputFileListPaths = (
				"${PODS_ROOT}/Target Support Files/Pods-Kprep/Pods-Kprep-frameworks-${CONFIGURATION}-input-files.xcfilelist",
			);
			name = "[CP] Embed Pods Frameworks";
			outputFileListPaths = (
				"${PODS_ROOT}/Target Support Files/Pods-Kprep/Pods-Kprep-frameworks-${CONFIGURATION}-output-files.xcfilelist",
			);
			runOnlyForDeploymentPostprocessing = 0;
			shellPath = /bin/sh;
			shellScript = "\"${PODS_ROOT}/Target Support Files/Pods-Kprep/Pods-Kprep-frameworks.sh\"\n";
			showEnvVarsInLog = 0;
		};
		A55EABD7B0C7F3A422A6CC61 /* [CP] Check Pods Manifest.lock */ = {
			isa = PBXShellScriptBuildPhase;
			buildActionMask = 2147483647;
			files = (
			);
			inputFileListPaths = (
			);
			inputPaths = (
				"${PODS_PODFILE_DIR_PATH}/Podfile.lock",
				"${PODS_ROOT}/Manifest.lock",
			);
			name = "[CP] Check Pods Manifest.lock";
			outputFileListPaths = (
			);
			outputPaths = (
				"$(DERIVED_FILE_DIR)/Pods-Kprep-KprepTests-checkManifestLockResult.txt",
			);
			runOnlyForDeploymentPostprocessing = 0;
			shellPath = /bin/sh;
			shellScript = "diff \"${PODS_PODFILE_DIR_PATH}/Podfile.lock\" \"${PODS_ROOT}/Manifest.lock\" > /dev/null\nif [ $? != 0 ] ; then\n    # print error to STDERR\n    echo \"error: The sandbox is not in sync with the Podfile.lock. Run 'pod install' or update your CocoaPods installation.\" >&2\n    exit 1\nfi\n# This output is used by Xcode 'outputs' to avoid re-running this script phase.\necho \"SUCCESS\" > \"${SCRIPT_OUTPUT_FILE_0}\"\n";
			showEnvVarsInLog = 0;
		};
		C38B50BA6285516D6DCD4F65 /* [CP] Check Pods Manifest.lock */ = {
			isa = PBXShellScriptBuildPhase;
			buildActionMask = 2147483647;
			files = (
			);
			inputFileListPaths = (
			);
			inputPaths = (
				"${PODS_PODFILE_DIR_PATH}/Podfile.lock",
				"${PODS_ROOT}/Manifest.lock",
			);
			name = "[CP] Check Pods Manifest.lock";
			outputFileListPaths = (
			);
			outputPaths = (
				"$(DERIVED_FILE_DIR)/Pods-Kprep-checkManifestLockResult.txt",
			);
			runOnlyForDeploymentPostprocessing = 0;
			shellPath = /bin/sh;
			shellScript = "diff \"${PODS_PODFILE_DIR_PATH}/Podfile.lock\" \"${PODS_ROOT}/Manifest.lock\" > /dev/null\nif [ $? != 0 ] ; then\n    # print error to STDERR\n    echo \"error: The sandbox is not in sync with the Podfile.lock. Run 'pod install' or update your CocoaPods installation.\" >&2\n    exit 1\nfi\n# This output is used by Xcode 'outputs' to avoid re-running this script phase.\necho \"SUCCESS\" > \"${SCRIPT_OUTPUT_FILE_0}\"\n";
			showEnvVarsInLog = 0;
		};
		C59DA0FBD6956966B86A3779 /* [CP] Embed Pods Frameworks */ = {
			isa = PBXShellScriptBuildPhase;
			buildActionMask = 2147483647;
			files = (
			);
			inputFileListPaths = (
				"${PODS_ROOT}/Target Support Files/Pods-Kprep-KprepTests/Pods-Kprep-KprepTests-frameworks-${CONFIGURATION}-input-files.xcfilelist",
			);
			name = "[CP] Embed Pods Frameworks";
			outputFileListPaths = (
				"${PODS_ROOT}/Target Support Files/Pods-Kprep-KprepTests/Pods-Kprep-KprepTests-frameworks-${CONFIGURATION}-output-files.xcfilelist",
			);
			runOnlyForDeploymentPostprocessing = 0;
			shellPath = /bin/sh;
			shellScript = "\"${PODS_ROOT}/Target Support Files/Pods-Kprep-KprepTests/Pods-Kprep-KprepTests-frameworks.sh\"\n";
			showEnvVarsInLog = 0;
		};
		E235C05ADACE081382539298 /* [CP] Copy Pods Resources */ = {
			isa = PBXShellScriptBuildPhase;
			buildActionMask = 2147483647;
			files = (
			);
			inputFileListPaths = (
				"${PODS_ROOT}/Target Support Files/Pods-Kprep/Pods-Kprep-resources-${CONFIGURATION}-input-files.xcfilelist",
			);
			name = "[CP] Copy Pods Resources";
			outputFileListPaths = (
				"${PODS_ROOT}/Target Support Files/Pods-Kprep/Pods-Kprep-resources-${CONFIGURATION}-output-files.xcfilelist",
			);
			runOnlyForDeploymentPostprocessing = 0;
			shellPath = /bin/sh;
			shellScript = "\"${PODS_ROOT}/Target Support Files/Pods-Kprep/Pods-Kprep-resources.sh\"\n";
			showEnvVarsInLog = 0;
		};
		F6A41C54EA430FDDC6A6ED99 /* [CP] Copy Pods Resources */ = {
			isa = PBXShellScriptBuildPhase;
			buildActionMask = 2147483647;
			files = (
			);
			inputFileListPaths = (
				"${PODS_ROOT}/Target Support Files/Pods-Kprep-KprepTests/Pods-Kprep-KprepTests-resources-${CONFIGURATION}-input-files.xcfilelist",
			);
			name = "[CP] Copy Pods Resources";
			outputFileListPaths = (
				"${PODS_ROOT}/Target Support Files/Pods-Kprep-KprepTests/Pods-Kprep-KprepTests-resources-${CONFIGURATION}-output-files.xcfilelist",
			);
			runOnlyForDeploymentPostprocessing = 0;
			shellPath = /bin/sh;
			shellScript = "\"${PODS_ROOT}/Target Support Files/Pods-Kprep-KprepTests/Pods-Kprep-KprepTests-resources.sh\"\n";
			showEnvVarsInLog = 0;
		};
/* End PBXShellScriptBuildPhase section */

/* Begin PBXSourcesBuildPhase section */
		00E356EA1AD99517003FC87E /* Sources */ = {
			isa = PBXSourcesBuildPhase;
			buildActionMask = 2147483647;
			files = (
				00E356F31AD99517003FC87E /* KprepTests.m in Sources */,
			);
			runOnlyForDeploymentPostprocessing = 0;
		};
		13B07F871A680F5B00A75B9A /* Sources */ = {
			isa = PBXSourcesBuildPhase;
			buildActionMask = 2147483647;
			files = (
				13B07FBC1A68108700A75B9A /* AppDelegate.mm in Sources */,
				13B07FC11A68108700A75B9A /* main.m in Sources */,
			);
			runOnlyForDeploymentPostprocessing = 0;
		};
/* End PBXSourcesBuildPhase section */

/* Begin PBXTargetDependency section */
		00E356F51AD99517003FC87E /* PBXTargetDependency */ = {
			isa = PBXTargetDependency;
			target = 13B07F861A680F5B00A75B9A /* Kprep */;
			targetProxy = 00E356F41AD99517003FC87E /* PBXContainerItemProxy */;
		};
/* End PBXTargetDependency section */

/* Begin XCBuildConfiguration section */
		00E356F61AD99517003FC87E /* Debug */ = {
			isa = XCBuildConfiguration;
			baseConfigurationReference = 5B7EB9410499542E8C5724F5 /* Pods-Kprep-KprepTests.debug.xcconfig */;
			buildSettings = {
				BUNDLE_LOADER = "$(TEST_HOST)";
				GCC_PREPROCESSOR_DEFINITIONS = (
					"DEBUG=1",
					"$(inherited)",
				);
				INFOPLIST_FILE = KprepTests/Info.plist;
				IPHONEOS_DEPLOYMENT_TARGET = 15.1;
				LD_RUNPATH_SEARCH_PATHS = (
					"$(inherited)",
					"@executable_path/Frameworks",
					"@loader_path/Frameworks",
				);
				OTHER_LDFLAGS = (
					"-ObjC",
					"-lc++",
					"$(inherited)",
				);
				PRODUCT_BUNDLE_IDENTIFIER = "org.reactjs.native.example.$(PRODUCT_NAME:rfc1034identifier)";
				PRODUCT_NAME = "$(TARGET_NAME)";
				TEST_HOST = "$(BUILT_PRODUCTS_DIR)/Kprep.app/Kprep";
			};
			name = Debug;
		};
		00E356F71AD99517003FC87E /* Release */ = {
			isa = XCBuildConfiguration;
			baseConfigurationReference = 89C6BE57DB24E9ADA2F236DE /* Pods-Kprep-KprepTests.release.xcconfig */;
			buildSettings = {
				BUNDLE_LOADER = "$(TEST_HOST)";
				COPY_PHASE_STRIP = NO;
				INFOPLIST_FILE = KprepTests/Info.plist;
				IPHONEOS_DEPLOYMENT_TARGET = 15.1;
				LD_RUNPATH_SEARCH_PATHS = (
					"$(inherited)",
					"@executable_path/Frameworks",
					"@loader_path/Frameworks",
				);
				OTHER_LDFLAGS = (
					"-ObjC",
					"-lc++",
					"$(inherited)",
				);
				PRODUCT_BUNDLE_IDENTIFIER = "org.reactjs.native.example.$(PRODUCT_NAME:rfc1034identifier)";
				PRODUCT_NAME = "$(TARGET_NAME)";
				TEST_HOST = "$(BUILT_PRODUCTS_DIR)/Kprep.app/Kprep";
			};
			name = Release;
		};
		13B07F941A680F5B00A75B9A /* Debug */ = {
			isa = XCBuildConfiguration;
			baseConfigurationReference = 3B4392A12AC88292D35C810B /* Pods-Kprep.debug.xcconfig */;
			buildSettings = {
				ASSETCATALOG_COMPILER_APPICON_NAME = AppIcon;
				CLANG_ENABLE_MODULES = YES;
				CURRENT_PROJECT_VERSION = 1;
				ENABLE_BITCODE = NO;
				INFOPLIST_FILE = Kprep/Info.plist;
				IPHONEOS_DEPLOYMENT_TARGET = 15.1;
				LD_RUNPATH_SEARCH_PATHS = (
					"$(inherited)",
					"@executable_path/Frameworks",
				);
				MARKETING_VERSION = 1.0;
				OTHER_LDFLAGS = (
					"$(inherited)",
					"-ObjC",
					"-lc++",
				);
				PRODUCT_BUNDLE_IDENTIFIER = "org.reactjs.native.example.$(PRODUCT_NAME:rfc1034identifier)";
				PRODUCT_NAME = Kprep;
				SWIFT_OPTIMIZATION_LEVEL = "-Onone";
				SWIFT_VERSION = 5.0;
				VERSIONING_SYSTEM = "apple-generic";
			};
			name = Debug;
		};
		13B07F951A680F5B00A75B9A /* Release */ = {
			isa = XCBuildConfiguration;
			baseConfigurationReference = 5709B34CF0A7D63546082F79 /* Pods-Kprep.release.xcconfig */;
			buildSettings = {
				ASSETCATALOG_COMPILER_APPICON_NAME = AppIcon;
				CLANG_ENABLE_MODULES = YES;
				CURRENT_PROJECT_VERSION = 1;
				INFOPLIST_FILE = Kprep/Info.plist;
				IPHONEOS_DEPLOYMENT_TARGET = 15.1;
				LD_RUNPATH_SEARCH_PATHS = (
					"$(inherited)",
					"@executable_path/Frameworks",
				);
				MARKETING_VERSION = 1.0;
				OTHER_LDFLAGS = (
					"$(inherited)",
					"-ObjC",
					"-lc++",
				);
				PRODUCT_BUNDLE_IDENTIFIER = "org.reactjs.native.example.$(PRODUCT_NAME:rfc1034identifier)";
				PRODUCT_NAME = Kprep;
				SWIFT_VERSION = 5.0;
				VERSIONING_SYSTEM = "apple-generic";
			};
			name = Release;
		};
		83CBBA201A601CBA00E9B192 /* Debug */ = {
			isa = XCBuildConfiguration;
			buildSettings = {
				ALWAYS_SEARCH_USER_PATHS = NO;
				CLANG_ANALYZER_LOCALIZABILITY_NONLOCALIZED = YES;
				CLANG_CXX_LANGUAGE_STANDARD = "c++20";
				CLANG_CXX_LIBRARY = "libc++";
				CLANG_ENABLE_MODULES = YES;
				CLANG_ENABLE_OBJC_ARC = YES;
				CLANG_WARN_BLOCK_CAPTURE_AUTORELEASING = YES;
				CLANG_WARN_BOOL_CONVERSION = YES;
				CLANG_WARN_COMMA = YES;
				CLANG_WARN_CONSTANT_CONVERSION = YES;
				CLANG_WARN_DEPRECATED_OBJC_IMPLEMENTATIONS = YES;
				CLANG_WARN_DIRECT_OBJC_ISA_USAGE = YES_ERROR;
				CLANG_WARN_EMPTY_BODY = YES;
				CLANG_WARN_ENUM_CONVERSION = YES;
				CLANG_WARN_INFINITE_RECURSION = YES;
				CLANG_WARN_INT_CONVERSION = YES;
				CLANG_WARN_NON_LITERAL_NULL_CONVERSION = YES;
				CLANG_WARN_OBJC_IMPLICIT_RETAIN_SELF = YES;
				CLANG_WARN_OBJC_LITERAL_CONVERSION = YES;
				CLANG_WARN_OBJC_ROOT_CLASS = YES_ERROR;
				CLANG_WARN_QUOTED_INCLUDE_IN_FRAMEWORK_HEADER = YES;
				CLANG_WARN_RANGE_LOOP_ANALYSIS = YES;
				CLANG_WARN_STRICT_PROTOTYPES = YES;
				CLANG_WARN_SUSPICIOUS_MOVE = YES;
				CLANG_WARN_UNREACHABLE_CODE = YES;
				CLANG_WARN__DUPLICATE_METHOD_MATCH = YES;
				"CODE_SIGN_IDENTITY[sdk=iphoneos*]" = "iPhone Developer";
				COPY_PHASE_STRIP = NO;
				ENABLE_STRICT_OBJC_MSGSEND = YES;
				ENABLE_TESTABILITY = YES;
				"EXCLUDED_ARCHS[sdk=iphonesimulator*]" = "";
				GCC_C_LANGUAGE_STANDARD = gnu99;
				GCC_DYNAMIC_NO_PIC = NO;
				GCC_NO_COMMON_BLOCKS = YES;
				GCC_OPTIMIZATION_LEVEL = 0;
				GCC_PREPROCESSOR_DEFINITIONS = (
					"DEBUG=1",
					"$(inherited)",
				);
				GCC_SYMBOLS_PRIVATE_EXTERN = NO;
				GCC_WARN_64_TO_32_BIT_CONVERSION = YES;
				GCC_WARN_ABOUT_RETURN_TYPE = YES_ERROR;
				GCC_WARN_UNDECLARED_SELECTOR = YES;
				GCC_WARN_UNINITIALIZED_AUTOS = YES_AGGRESSIVE;
				GCC_WARN_UNUSED_FUNCTION = YES;
				GCC_WARN_UNUSED_VARIABLE = YES;
				IPHONEOS_DEPLOYMENT_TARGET = 15.1;
				LD_RUNPATH_SEARCH_PATHS = (
					/usr/lib/swift,
					"$(inherited)",
				);
				LIBRARY_SEARCH_PATHS = (
					"\"$(SDKROOT)/usr/lib/swift\"",
					"\"$(TOOLCHAIN_DIR)/usr/lib/swift/$(PLATFORM_NAME)\"",
					"\"$(inherited)\"",
				);
				MTL_ENABLE_DEBUG_INFO = YES;
				ONLY_ACTIVE_ARCH = YES;
				OTHER_CPLUSPLUSFLAGS = (
					"$(OTHER_CFLAGS)",
					"-DFOLLY_NO_CONFIG",
					"-DFOLLY_MOBILE=1",
					"-DFOLLY_USE_LIBCPP=1",
					"-DFOLLY_CFG_NO_COROUTINES=1",
					"-DFOLLY_HAVE_CLOCK_GETTIME=1",
				);
				SDKROOT = iphoneos;
			};
			name = Debug;
		};
		83CBBA211A601CBA00E9B192 /* Release */ = {
			isa = XCBuildConfiguration;
			buildSettings = {
				ALWAYS_SEARCH_USER_PATHS = NO;
				CLANG_ANALYZER_LOCALIZABILITY_NONLOCALIZED = YES;
				CLANG_CXX_LANGUAGE_STANDARD = "c++20";
				CLANG_CXX_LIBRARY = "libc++";
				CLANG_ENABLE_MODULES = YES;
				CLANG_ENABLE_OBJC_ARC = YES;
				CLANG_WARN_BLOCK_CAPTURE_AUTORELEASING = YES;
				CLANG_WARN_BOOL_CONVERSION = YES;
				CLANG_WARN_COMMA = YES;
				CLANG_WARN_CONSTANT_CONVERSION = YES;
				CLANG_WARN_DEPRECATED_OBJC_IMPLEMENTATIONS = YES;
				CLANG_WARN_DIRECT_OBJC_ISA_USAGE = YES_ERROR;
				CLANG_WARN_EMPTY_BODY = YES;
				CLANG_WARN_ENUM_CONVERSION = YES;
				CLANG_WARN_INFINITE_RECURSION = YES;
				CLANG_WARN_INT_CONVERSION = YES;
				CLANG_WARN_NON_LITERAL_NULL_CONVERSION = YES;
				CLANG_WARN_OBJC_IMPLICIT_RETAIN_SELF = YES;
				CLANG_WARN_OBJC_LITERAL_CONVERSION = YES;
				CLANG_WARN_OBJC_ROOT_CLASS = YES_ERROR;
				CLANG_WARN_QUOTED_INCLUDE_IN_FRAMEWORK_HEADER = YES;
				CLANG_WARN_RANGE_LOOP_ANALYSIS = YES;
				CLANG_WARN_STRICT_PROTOTYPES = YES;
				CLANG_WARN_SUSPICIOUS_MOVE = YES;
				CLANG_WARN_UNREACHABLE_CODE = YES;
				CLANG_WARN__DUPLICATE_METHOD_MATCH = YES;
				"CODE_SIGN_IDENTITY[sdk=iphoneos*]" = "iPhone Developer";
				COPY_PHASE_STRIP = YES;
				ENABLE_NS_ASSERTIONS = NO;
				ENABLE_STRICT_OBJC_MSGSEND = YES;
				"EXCLUDED_ARCHS[sdk=iphonesimulator*]" = "";
				GCC_C_LANGUAGE_STANDARD = gnu99;
				GCC_NO_COMMON_BLOCKS = YES;
				GCC_WARN_64_TO_32_BIT_CONVERSION = YES;
				GCC_WARN_ABOUT_RETURN_TYPE = YES_ERROR;
				GCC_WARN_UNDECLARED_SELECTOR = YES;
				GCC_WARN_UNINITIALIZED_AUTOS = YES_AGGRESSIVE;
				GCC_WARN_UNUSED_FUNCTION = YES;
				GCC_WARN_UNUSED_VARIABLE = YES;
				IPHONEOS_DEPLOYMENT_TARGET = 15.1;
				LD_RUNPATH_SEARCH_PATHS = (
					/usr/lib/swift,
					"$(inherited)",
				);
				LIBRARY_SEARCH_PATHS = (
					"\"$(SDKROOT)/usr/lib/swift\"",
					"\"$(TOOLCHAIN_DIR)/usr/lib/swift/$(PLATFORM_NAME)\"",
					"\"$(inherited)\"",
				);
				MTL_ENABLE_DEBUG_INFO = NO;
				OTHER_CPLUSPLUSFLAGS = (
					"$(OTHER_CFLAGS)",
					"-DFOLLY_NO_CONFIG",
					"-DFOLLY_MOBILE=1",
					"-DFOLLY_USE_LIBCPP=1",
					"-DFOLLY_CFG_NO_COROUTINES=1",
					"-DFOLLY_HAVE_CLOCK_GETTIME=1",
				);
				SDKROOT = iphoneos;
				VALIDATE_PRODUCT = YES;
			};
			name = Release;
		};
/* End XCBuildConfiguration section */

/* Begin XCConfigurationList section */
		00E357021AD99517003FC87E /* Build configuration list for PBXNativeTarget "KprepTests" */ = {
			isa = XCConfigurationList;
			buildConfigurations = (
				00E356F61AD99517003FC87E /* Debug */,
				00E356F71AD99517003FC87E /* Release */,
			);
			defaultConfigurationIsVisible = 0;
			defaultConfigurationName = Release;
		};
		13B07F931A680F5B00A75B9A /* Build configuration list for PBXNativeTarget "Kprep" */ = {
			isa = XCConfigurationList;
			buildConfigurations = (
				13B07F941A680F5B00A75B9A /* Debug */,
				13B07F951A680F5B00A75B9A /* Release */,
			);
			defaultConfigurationIsVisible = 0;
			defaultConfigurationName = Release;
		};
		83CBB9FA1A601CBA00E9B192 /* Build configuration list for PBXProject "Kprep" */ = {
			isa = XCConfigurationList;
			buildConfigurations = (
				83CBBA201A601CBA00E9B192 /* Debug */,
				83CBBA211A601CBA00E9B192 /* Release */,
			);
			defaultConfigurationIsVisible = 0;
			defaultConfigurationName = Release;
		};
/* End XCConfigurationList section */
	};
	rootObject = 83CBB9F71A601CBA00E9B192 /* Project object */;
}
